// !$*UTF8*$!
{
	archiveVersion = 1;
	classes = {
	};
	objectVersion = 55;
	objects = {

/* Begin PBXBuildFile section */
		196C7466277F6D1E0058468D /* MenuTabBarController.swift in Sources */ = {isa = PBXBuildFile; fileRef = 196C7465277F6D1E0058468D /* MenuTabBarController.swift */; };
		196C74692783808E0058468D /* OrderConfirmationViewController.swift in Sources */ = {isa = PBXBuildFile; fileRef = 196C74682783808E0058468D /* OrderConfirmationViewController.swift */; };
		197128CE2776339B00AB55C7 /* AppDelegate.swift in Sources */ = {isa = PBXBuildFile; fileRef = 197128CD2776339B00AB55C7 /* AppDelegate.swift */; };
		197128D02776339B00AB55C7 /* SceneDelegate.swift in Sources */ = {isa = PBXBuildFile; fileRef = 197128CF2776339B00AB55C7 /* SceneDelegate.swift */; };
		197128D52776339B00AB55C7 /* Main.storyboard in Resources */ = {isa = PBXBuildFile; fileRef = 197128D32776339B00AB55C7 /* Main.storyboard */; };
		197128D72776339C00AB55C7 /* Assets.xcassets in Resources */ = {isa = PBXBuildFile; fileRef = 197128D62776339C00AB55C7 /* Assets.xcassets */; };
		197128E2277642B800AB55C7 /* CategoryTableViewController.swift in Sources */ = {isa = PBXBuildFile; fileRef = 197128E1277642B700AB55C7 /* CategoryTableViewController.swift */; };
		197128E42776434900AB55C7 /* MenuTableViewController.swift in Sources */ = {isa = PBXBuildFile; fileRef = 197128E32776434900AB55C7 /* MenuTableViewController.swift */; };
		197128E62776435400AB55C7 /* OrderTableViewController.swift in Sources */ = {isa = PBXBuildFile; fileRef = 197128E52776435400AB55C7 /* OrderTableViewController.swift */; };
		197128E827764C8A00AB55C7 /* MenuItemDetailViewController.swift in Sources */ = {isa = PBXBuildFile; fileRef = 197128E727764C8A00AB55C7 /* MenuItemDetailViewController.swift */; };
		197128EA27764DA400AB55C7 /* MenuItem.swift in Sources */ = {isa = PBXBuildFile; fileRef = 197128E927764DA400AB55C7 /* MenuItem.swift */; };
		197128EC2776533F00AB55C7 /* IntermediaryModels.swift in Sources */ = {isa = PBXBuildFile; fileRef = 197128EB2776533F00AB55C7 /* IntermediaryModels.swift */; };
		197128F22777635500AB55C7 /* MenuController.swift in Sources */ = {isa = PBXBuildFile; fileRef = 197128F12777635500AB55C7 /* MenuController.swift */; };
/* End PBXBuildFile section */

/* Begin PBXFileReference section */
		196C7465277F6D1E0058468D /* MenuTabBarController.swift */ = {isa = PBXFileReference; lastKnownFileType = sourcecode.swift; path = MenuTabBarController.swift; sourceTree = "<group>"; };
		196C74682783808E0058468D /* OrderConfirmationViewController.swift */ = {isa = PBXFileReference; lastKnownFileType = sourcecode.swift; path = OrderConfirmationViewController.swift; sourceTree = "<group>"; };
		197128CA2776339B00AB55C7 /* Restaurant.app */ = {isa = PBXFileReference; explicitFileType = wrapper.application; includeInIndex = 0; path = Restaurant.app; sourceTree = BUILT_PRODUCTS_DIR; };
		197128CD2776339B00AB55C7 /* AppDelegate.swift */ = {isa = PBXFileReference; lastKnownFileType = sourcecode.swift; path = AppDelegate.swift; sourceTree = "<group>"; };
		197128CF2776339B00AB55C7 /* SceneDelegate.swift */ = {isa = PBXFileReference; lastKnownFileType = sourcecode.swift; path = SceneDelegate.swift; sourceTree = "<group>"; };
		197128D42776339B00AB55C7 /* Base */ = {isa = PBXFileReference; lastKnownFileType = file.storyboard; name = Base; path = Base.lproj/Main.storyboard; sourceTree = "<group>"; };
		197128D62776339C00AB55C7 /* Assets.xcassets */ = {isa = PBXFileReference; lastKnownFileType = folder.assetcatalog; path = Assets.xcassets; sourceTree = "<group>"; };
		197128DB2776339C00AB55C7 /* Info.plist */ = {isa = PBXFileReference; lastKnownFileType = text.plist.xml; path = Info.plist; sourceTree = "<group>"; };
		197128E1277642B700AB55C7 /* CategoryTableViewController.swift */ = {isa = PBXFileReference; lastKnownFileType = sourcecode.swift; path = CategoryTableViewController.swift; sourceTree = "<group>"; };
		197128E32776434900AB55C7 /* MenuTableViewController.swift */ = {isa = PBXFileReference; lastKnownFileType = sourcecode.swift; path = MenuTableViewController.swift; sourceTree = "<group>"; };
		197128E52776435400AB55C7 /* OrderTableViewController.swift */ = {isa = PBXFileReference; lastKnownFileType = sourcecode.swift; path = OrderTableViewController.swift; sourceTree = "<group>"; };
		197128E727764C8A00AB55C7 /* MenuItemDetailViewController.swift */ = {isa = PBXFileReference; lastKnownFileType = sourcecode.swift; path = MenuItemDetailViewController.swift; sourceTree = "<group>"; };
		197128E927764DA400AB55C7 /* MenuItem.swift */ = {isa = PBXFileReference; lastKnownFileType = sourcecode.swift; path = MenuItem.swift; sourceTree = "<group>"; };
		197128EB2776533F00AB55C7 /* IntermediaryModels.swift */ = {isa = PBXFileReference; lastKnownFileType = sourcecode.swift; path = IntermediaryModels.swift; sourceTree = "<group>"; };
		197128F12777635500AB55C7 /* MenuController.swift */ = {isa = PBXFileReference; lastKnownFileType = sourcecode.swift; path = MenuController.swift; sourceTree = "<group>"; };
/* End PBXFileReference section */

/* Begin PBXFrameworksBuildPhase section */
		197128C72776339B00AB55C7 /* Frameworks */ = {
			isa = PBXFrameworksBuildPhase;
			buildActionMask = 2147483647;
			files = (
			);
			runOnlyForDeploymentPostprocessing = 0;
		};
/* End PBXFrameworksBuildPhase section */

/* Begin PBXGroup section */
		196C7467277F6D2E0058468D /* TabBarController */ = {
			isa = PBXGroup;
			children = (
				196C7465277F6D1E0058468D /* MenuTabBarController.swift */,
			);
			name = TabBarController;
			sourceTree = "<group>";
		};
		197128C12776339B00AB55C7 = {
			isa = PBXGroup;
			children = (
				197128CC2776339B00AB55C7 /* Restaurant */,
				197128CB2776339B00AB55C7 /* Products */,
			);
			sourceTree = "<group>";
		};
		197128CB2776339B00AB55C7 /* Products */ = {
			isa = PBXGroup;
			children = (
				197128CA2776339B00AB55C7 /* Restaurant.app */,
			);
			name = Products;
			sourceTree = "<group>";
		};
		197128CC2776339B00AB55C7 /* Restaurant */ = {
			isa = PBXGroup;
			children = (
				1998CADD27A88405008A19AA /* Info */,
				1998CADC27A87E9F008A19AA /* Assets */,
				197128F0277762E800AB55C7 /* App and Scene Delegates */,
				197128EF277762CE00AB55C7 /* Storyboards */,
				197128EE2777629D00AB55C7 /* Models */,
				197128F32777635B00AB55C7 /* Network Controllers */,
				196C7467277F6D2E0058468D /* TabBarController */,
				197128ED2777626900AB55C7 /* ViewControllers */,
			);
			path = Restaurant;
			sourceTree = "<group>";
		};
		197128ED2777626900AB55C7 /* ViewControllers */ = {
			isa = PBXGroup;
			children = (
				1998CADA27A87E2F008A19AA /* MenuItem Selection */,
				1998CADB27A87E33008A19AA /* Order Submission */,
			);
			name = ViewControllers;
			sourceTree = "<group>";
		};
		197128EE2777629D00AB55C7 /* Models */ = {
			isa = PBXGroup;
			children = (
				197128E927764DA400AB55C7 /* MenuItem.swift */,
				197128EB2776533F00AB55C7 /* IntermediaryModels.swift */,
			);
			name = Models;
			sourceTree = "<group>";
		};
		197128EF277762CE00AB55C7 /* Storyboards */ = {
			isa = PBXGroup;
			children = (
				197128D32776339B00AB55C7 /* Main.storyboard */,
			);
			name = Storyboards;
			sourceTree = "<group>";
		};
		197128F0277762E800AB55C7 /* App and Scene Delegates */ = {
			isa = PBXGroup;
			children = (
				197128CD2776339B00AB55C7 /* AppDelegate.swift */,
				197128CF2776339B00AB55C7 /* SceneDelegate.swift */,
			);
			name = "App and Scene Delegates";
			sourceTree = "<group>";
		};
		197128F32777635B00AB55C7 /* Network Controllers */ = {
			isa = PBXGroup;
			children = (
				197128F12777635500AB55C7 /* MenuController.swift */,
			);
			name = "Network Controllers";
			sourceTree = "<group>";
		};
		1998CADA27A87E2F008A19AA /* MenuItem Selection */ = {
			isa = PBXGroup;
			children = (
				197128E1277642B700AB55C7 /* CategoryTableViewController.swift */,
				197128E32776434900AB55C7 /* MenuTableViewController.swift */,
				197128E727764C8A00AB55C7 /* MenuItemDetailViewController.swift */,
			);
			name = "MenuItem Selection";
			sourceTree = "<group>";
		};
		1998CADB27A87E33008A19AA /* Order Submission */ = {
			isa = PBXGroup;
			children = (
				197128E52776435400AB55C7 /* OrderTableViewController.swift */,
				196C74682783808E0058468D /* OrderConfirmationViewController.swift */,
			);
			name = "Order Submission";
			sourceTree = "<group>";
		};
		1998CADC27A87E9F008A19AA /* Assets */ = {
			isa = PBXGroup;
			children = (
				197128D62776339C00AB55C7 /* Assets.xcassets */,
			);
			name = Assets;
			sourceTree = "<group>";
		};
		1998CADD27A88405008A19AA /* Info */ = {
			isa = PBXGroup;
			children = (
				197128DB2776339C00AB55C7 /* Info.plist */,
			);
			name = Info;
			sourceTree = "<group>";
		};
/* End PBXGroup section */

/* Begin PBXNativeTarget section */
		197128C92776339B00AB55C7 /* Restaurant */ = {
			isa = PBXNativeTarget;
			buildConfigurationList = 197128DE2776339C00AB55C7 /* Build configuration list for PBXNativeTarget "Restaurant" */;
			buildPhases = (
				197128C62776339B00AB55C7 /* Sources */,
				197128C72776339B00AB55C7 /* Frameworks */,
				197128C82776339B00AB55C7 /* Resources */,
			);
			buildRules = (
			);
			dependencies = (
			);
			name = Restaurant;
			productName = Restaurant;
			productReference = 197128CA2776339B00AB55C7 /* Restaurant.app */;
			productType = "com.apple.product-type.application";
		};
/* End PBXNativeTarget section */

/* Begin PBXProject section */
		197128C22776339B00AB55C7 /* Project object */ = {
			isa = PBXProject;
			attributes = {
				BuildIndependentTargetsInParallel = 1;
				LastSwiftUpdateCheck = 1320;
				LastUpgradeCheck = 1320;
				TargetAttributes = {
					197128C92776339B00AB55C7 = {
						CreatedOnToolsVersion = 13.2.1;
					};
				};
			};
			buildConfigurationList = 197128C52776339B00AB55C7 /* Build configuration list for PBXProject "Restaurant" */;
			compatibilityVersion = "Xcode 13.0";
			developmentRegion = en;
			hasScannedForEncodings = 0;
			knownRegions = (
				en,
				Base,
			);
			mainGroup = 197128C12776339B00AB55C7;
			productRefGroup = 197128CB2776339B00AB55C7 /* Products */;
			projectDirPath = "";
			projectRoot = "";
			targets = (
				197128C92776339B00AB55C7 /* Restaurant */,
			);
		};
/* End PBXProject section */

/* Begin PBXResourcesBuildPhase section */
		197128C82776339B00AB55C7 /* Resources */ = {
			isa = PBXResourcesBuildPhase;
			buildActionMask = 2147483647;
			files = (
				197128D72776339C00AB55C7 /* Assets.xcassets in Resources */,
				197128D52776339B00AB55C7 /* Main.storyboard in Resources */,
			);
			runOnlyForDeploymentPostprocessing = 0;
		};
/* End PBXResourcesBuildPhase section */

/* Begin PBXSourcesBuildPhase section */
		197128C62776339B00AB55C7 /* Sources */ = {
			isa = PBXSourcesBuildPhase;
			buildActionMask = 2147483647;
			files = (
				197128CE2776339B00AB55C7 /* AppDelegate.swift in Sources */,
				197128F22777635500AB55C7 /* MenuController.swift in Sources */,
				197128E42776434900AB55C7 /* MenuTableViewController.swift in Sources */,
				197128E827764C8A00AB55C7 /* MenuItemDetailViewController.swift in Sources */,
				196C74692783808E0058468D /* OrderConfirmationViewController.swift in Sources */,
				197128D02776339B00AB55C7 /* SceneDelegate.swift in Sources */,
				197128EC2776533F00AB55C7 /* IntermediaryModels.swift in Sources */,
				196C7466277F6D1E0058468D /* MenuTabBarController.swift in Sources */,
				197128EA27764DA400AB55C7 /* MenuItem.swift in Sources */,
				197128E62776435400AB55C7 /* OrderTableViewController.swift in Sources */,
				197128E2277642B800AB55C7 /* CategoryTableViewController.swift in Sources */,
			);
			runOnlyForDeploymentPostprocessing = 0;
		};
/* End PBXSourcesBuildPhase section */

/* Begin PBXVariantGroup section */
		197128D32776339B00AB55C7 /* Main.storyboard */ = {
			isa = PBXVariantGroup;
			children = (
				197128D42776339B00AB55C7 /* Base */,
			);
			name = Main.storyboard;
			sourceTree = "<group>";
		};
/* End PBXVariantGroup section */

/* Begin XCBuildConfiguration section */
		197128DC2776339C00AB55C7 /* Debug */ = {
			isa = XCBuildConfiguration;
			buildSettings = {
				ALWAYS_SEARCH_USER_PATHS = NO;
				CLANG_ANALYZER_NONNULL = YES;
				CLANG_ANALYZER_NUMBER_OBJECT_CONVERSION = YES_AGGRESSIVE;
				CLANG_CXX_LANGUAGE_STANDARD = "gnu++17";
				CLANG_CXX_LIBRARY = "libc++";
				CLANG_ENABLE_MODULES = YES;
				CLANG_ENABLE_OBJC_ARC = YES;
				CLANG_ENABLE_OBJC_WEAK = YES;
				CLANG_WARN_BLOCK_CAPTURE_AUTORELEASING = YES;
				CLANG_WARN_BOOL_CONVERSION = YES;
				CLANG_WARN_COMMA = YES;
				CLANG_WARN_CONSTANT_CONVERSION = YES;
				CLANG_WARN_DEPRECATED_OBJC_IMPLEMENTATIONS = YES;
				CLANG_WARN_DIRECT_OBJC_ISA_USAGE = YES_ERROR;
				CLANG_WARN_DOCUMENTATION_COMMENTS = YES;
				CLANG_WARN_EMPTY_BODY = YES;
				CLANG_WARN_ENUM_CONVERSION = YES;
				CLANG_WARN_INFINITE_RECURSION = YES;
				CLANG_WARN_INT_CONVERSION = YES;
				CLANG_WARN_NON_LITERAL_NULL_CONVERSION = YES;
				CLANG_WARN_OBJC_IMPLICIT_RETAIN_SELF = YES;
				CLANG_WARN_OBJC_LITERAL_CONVERSION = YES;
				CLANG_WARN_OBJC_ROOT_CLASS = YES_ERROR;
				CLANG_WARN_QUOTED_INCLUDE_IN_FRAMEWORK_HEADER = YES;
				CLANG_WARN_RANGE_LOOP_ANALYSIS = YES;
				CLANG_WARN_STRICT_PROTOTYPES = YES;
				CLANG_WARN_SUSPICIOUS_MOVE = YES;
				CLANG_WARN_UNGUARDED_AVAILABILITY = YES_AGGRESSIVE;
				CLANG_WARN_UNREACHABLE_CODE = YES;
				CLANG_WARN__DUPLICATE_METHOD_MATCH = YES;
				COPY_PHASE_STRIP = NO;
				DEBUG_INFORMATION_FORMAT = dwarf;
				ENABLE_STRICT_OBJC_MSGSEND = YES;
				ENABLE_TESTABILITY = YES;
				GCC_C_LANGUAGE_STANDARD = gnu11;
				GCC_DYNAMIC_NO_PIC = NO;
				GCC_NO_COMMON_BLOCKS = YES;
				GCC_OPTIMIZATION_LEVEL = 0;
				GCC_PREPROCESSOR_DEFINITIONS = (
					"DEBUG=1",
					"$(inherited)",
				);
				GCC_WARN_64_TO_32_BIT_CONVERSION = YES;
				GCC_WARN_ABOUT_RETURN_TYPE = YES_ERROR;
				GCC_WARN_UNDECLARED_SELECTOR = YES;
				GCC_WARN_UNINITIALIZED_AUTOS = YES_AGGRESSIVE;
				GCC_WARN_UNUSED_FUNCTION = YES;
				GCC_WARN_UNUSED_VARIABLE = YES;
				IPHONEOS_DEPLOYMENT_TARGET = 15.2;
				MTL_ENABLE_DEBUG_INFO = INCLUDE_SOURCE;
				MTL_FAST_MATH = YES;
				ONLY_ACTIVE_ARCH = YES;
				SDKROOT = iphoneos;
				SWIFT_ACTIVE_COMPILATION_CONDITIONS = DEBUG;
				SWIFT_OPTIMIZATION_LEVEL = "-Onone";
			};
			name = Debug;
		};
		197128DD2776339C00AB55C7 /* Release */ = {
			isa = XCBuildConfiguration;
			buildSettings = {
				ALWAYS_SEARCH_USER_PATHS = NO;
				CLANG_ANALYZER_NONNULL = YES;
				CLANG_ANALYZER_NUMBER_OBJECT_CONVERSION = YES_AGGRESSIVE;
				CLANG_CXX_LANGUAGE_STANDARD = "gnu++17";
				CLANG_CXX_LIBRARY = "libc++";
				CLANG_ENABLE_MODULES = YES;
				CLANG_ENABLE_OBJC_ARC = YES;
				CLANG_ENABLE_OBJC_WEAK = YES;
				CLANG_WARN_BLOCK_CAPTURE_AUTORELEASING = YES;
				CLANG_WARN_BOOL_CONVERSION = YES;
				CLANG_WARN_COMMA = YES;
				CLANG_WARN_CONSTANT_CONVERSION = YES;
				CLANG_WARN_DEPRECATED_OBJC_IMPLEMENTATIONS = YES;
				CLANG_WARN_DIRECT_OBJC_ISA_USAGE = YES_ERROR;
				CLANG_WARN_DOCUMENTATION_COMMENTS = YES;
				CLANG_WARN_EMPTY_BODY = YES;
				CLANG_WARN_ENUM_CONVERSION = YES;
				CLANG_WARN_INFINITE_RECURSION = YES;
				CLANG_WARN_INT_CONVERSION = YES;
				CLANG_WARN_NON_LITERAL_NULL_CONVERSION = YES;
				CLANG_WARN_OBJC_IMPLICIT_RETAIN_SELF = YES;
				CLANG_WARN_OBJC_LITERAL_CONVERSION = YES;
				CLANG_WARN_OBJC_ROOT_CLASS = YES_ERROR;
				CLANG_WARN_QUOTED_INCLUDE_IN_FRAMEWORK_HEADER = YES;
				CLANG_WARN_RANGE_LOOP_ANALYSIS = YES;
				CLANG_WARN_STRICT_PROTOTYPES = YES;
				CLANG_WARN_SUSPICIOUS_MOVE = YES;
				CLANG_WARN_UNGUARDED_AVAILABILITY = YES_AGGRESSIVE;
				CLANG_WARN_UNREACHABLE_CODE = YES;
				CLANG_WARN__DUPLICATE_METHOD_MATCH = YES;
				COPY_PHASE_STRIP = NO;
				DEBUG_INFORMATION_FORMAT = "dwarf-with-dsym";
				ENABLE_NS_ASSERTIONS = NO;
				ENABLE_STRICT_OBJC_MSGSEND = YES;
				GCC_C_LANGUAGE_STANDARD = gnu11;
				GCC_NO_COMMON_BLOCKS = YES;
				GCC_WARN_64_TO_32_BIT_CONVERSION = YES;
				GCC_WARN_ABOUT_RETURN_TYPE = YES_ERROR;
				GCC_WARN_UNDECLARED_SELECTOR = YES;
				GCC_WARN_UNINITIALIZED_AUTOS = YES_AGGRESSIVE;
				GCC_WARN_UNUSED_FUNCTION = YES;
				GCC_WARN_UNUSED_VARIABLE = YES;
				IPHONEOS_DEPLOYMENT_TARGET = 15.2;
				MTL_ENABLE_DEBUG_INFO = NO;
				MTL_FAST_MATH = YES;
				SDKROOT = iphoneos;
				SWIFT_COMPILATION_MODE = wholemodule;
				SWIFT_OPTIMIZATION_LEVEL = "-O";
				VALIDATE_PRODUCT = YES;
			};
			name = Release;
		};
		197128DF2776339C00AB55C7 /* Debug */ = {
			isa = XCBuildConfiguration;
			buildSettings = {
				ASSETCATALOG_COMPILER_APPICON_NAME = AppIcon;
				ASSETCATALOG_COMPILER_GLOBAL_ACCENT_COLOR_NAME = AccentColor;
				CODE_SIGN_STYLE = Automatic;
				CURRENT_PROJECT_VERSION = 1;
				DEVELOPMENT_TEAM = D9354N96LY;
				GENERATE_INFOPLIST_FILE = YES;
				INFOPLIST_FILE = Restaurant/Info.plist;
				INFOPLIST_KEY_UIApplicationSupportsIndirectInputEvents = YES;
				INFOPLIST_KEY_UILaunchStoryboardName = LaunchScreen;
				INFOPLIST_KEY_UIMainStoryboardFile = Main;
				INFOPLIST_KEY_UISupportedInterfaceOrientations_iPad = "UIInterfaceOrientationPortrait UIInterfaceOrientationPortraitUpsideDown UIInterfaceOrientationLandscapeLeft UIInterfaceOrientationLandscapeRight";
				INFOPLIST_KEY_UISupportedInterfaceOrientations_iPhone = "UIInterfaceOrientationPortrait UIInterfaceOrientationLandscapeLeft UIInterfaceOrientationLandscapeRight";
				LD_RUNPATH_SEARCH_PATHS = (
					"$(inherited)",
					"@executable_path/Frameworks",
				);
				MARKETING_VERSION = 1.0;
				PRODUCT_BUNDLE_IDENTIFIER = com.example.Restaurant;
				PRODUCT_NAME = "$(TARGET_NAME)";
				SWIFT_EMIT_LOC_STRINGS = YES;
				SWIFT_VERSION = 5.0;
				TARGETED_DEVICE_FAMILY = "1,2";
			};
			name = Debug;
		};
		197128E02776339C00AB55C7 /* Release */ = {
			isa = XCBuildConfiguration;
			buildSettings = {
				ASSETCATALOG_COMPILER_APPICON_NAME = AppIcon;
				ASSETCATALOG_COMPILER_GLOBAL_ACCENT_COLOR_NAME = AccentColor;
				CODE_SIGN_STYLE = Automatic;
				CURRENT_PROJECT_VERSION = 1;
				DEVELOPMENT_TEAM = D9354N96LY;
				GENERATE_INFOPLIST_FILE = YES;
				INFOPLIST_FILE = Restaurant/Info.plist;
				INFOPLIST_KEY_UIApplicationSupportsIndirectInputEvents = YES;
				INFOPLIST_KEY_UILaunchStoryboardName = LaunchScreen;
				INFOPLIST_KEY_UIMainStoryboardFile = Main;
				INFOPLIST_KEY_UISupportedInterfaceOrientations_iPad = "UIInterfaceOrientationPortrait UIInterfaceOrientationPortraitUpsideDown UIInterfaceOrientationLandscapeLeft UIInterfaceOrientationLandscapeRight";
				INFOPLIST_KEY_UISupportedInterfaceOrientations_iPhone = "UIInterfaceOrientationPortrait UIInterfaceOrientationLandscapeLeft UIInterfaceOrientationLandscapeRight";
				LD_RUNPATH_SEARCH_PATHS = (
					"$(inherited)",
					"@executable_path/Frameworks",
				);
				MARKETING_VERSION = 1.0;
				PRODUCT_BUNDLE_IDENTIFIER = com.example.Restaurant;
				PRODUCT_NAME = "$(TARGET_NAME)";
				SWIFT_EMIT_LOC_STRINGS = YES;
				SWIFT_VERSION = 5.0;
				TARGETED_DEVICE_FAMILY = "1,2";
			};
			name = Release;
		};
/* End XCBuildConfiguration section */

/* Begin XCConfigurationList section */
		197128C52776339B00AB55C7 /* Build configuration list for PBXProject "Restaurant" */ = {
			isa = XCConfigurationList;
			buildConfigurations = (
				197128DC2776339C00AB55C7 /* Debug */,
				197128DD2776339C00AB55C7 /* Release */,
			);
			defaultConfigurationIsVisible = 0;
			defaultConfigurationName = Release;
		};
		197128DE2776339C00AB55C7 /* Build configuration list for PBXNativeTarget "Restaurant" */ = {
			isa = XCConfigurationList;
			buildConfigurations = (
				197128DF2776339C00AB55C7 /* Debug */,
				197128E02776339C00AB55C7 /* Release */,
			);
			defaultConfigurationIsVisible = 0;
			defaultConfigurationName = Release;
		};
/* End XCConfigurationList section */
	};
	rootObject = 197128C22776339B00AB55C7 /* Project object */;
}
